// !$*UTF8*$!
{
	archiveVersion = 1;
	classes = {
	};
	objectVersion = 48;
	objects = {

/* Begin PBXBuildFile section */
		6DFBA7A4208FB4F600E94BC8 /* AppDelegate.swift in Sources */ = {isa = PBXBuildFile; fileRef = 6DFBA7A3208FB4F600E94BC8 /* AppDelegate.swift */; };
		6DFBA7A9208FB4F600E94BC8 /* Main.storyboard in Resources */ = {isa = PBXBuildFile; fileRef = 6DFBA7A7208FB4F600E94BC8 /* Main.storyboard */; };
		6DFBA7AC208FB4F600E94BC8 /* VKPhotoFriends.xcdatamodeld in Sources */ = {isa = PBXBuildFile; fileRef = 6DFBA7AA208FB4F600E94BC8 /* VKPhotoFriends.xcdatamodeld */; };
		6DFBA7AE208FB4F600E94BC8 /* Assets.xcassets in Resources */ = {isa = PBXBuildFile; fileRef = 6DFBA7AD208FB4F600E94BC8 /* Assets.xcassets */; };
		6DFBA7B1208FB4F600E94BC8 /* LaunchScreen.storyboard in Resources */ = {isa = PBXBuildFile; fileRef = 6DFBA7AF208FB4F600E94BC8 /* LaunchScreen.storyboard */; };
		6DFBA7BD208FC30800E94BC8 /* LoginViewController.swift in Sources */ = {isa = PBXBuildFile; fileRef = 6DFBA7BC208FC30800E94BC8 /* LoginViewController.swift */; };
		6DFBA7BF208FEDBD00E94BC8 /* VKPhotosTableViewController.swift in Sources */ = {isa = PBXBuildFile; fileRef = 6DFBA7BE208FEDBD00E94BC8 /* VKPhotosTableViewController.swift */; };
		6DFBA7C1208FF4DC00E94BC8 /* VKPhotoCell.swift in Sources */ = {isa = PBXBuildFile; fileRef = 6DFBA7C0208FF4DC00E94BC8 /* VKPhotoCell.swift */; };
		82F1DAEDACB6C0FAEA14138B /* Pods_VKPhotoFriends.framework in Frameworks */ = {isa = PBXBuildFile; fileRef = E284CE33490EC1ADCABD0EF4 /* Pods_VKPhotoFriends.framework */; };
/* End PBXBuildFile section */

/* Begin PBXFileReference section */
		5597244C91885B8FA2DC8624 /* Pods-VKPhotoFriends.release.xcconfig */ = {isa = PBXFileReference; includeInIndex = 1; lastKnownFileType = text.xcconfig; name = "Pods-VKPhotoFriends.release.xcconfig"; path = "Pods/Target Support Files/Pods-VKPhotoFriends/Pods-VKPhotoFriends.release.xcconfig"; sourceTree = "<group>"; };
		6DFBA7A0208FB4F600E94BC8 /* VKPhotoFriends.app */ = {isa = PBXFileReference; explicitFileType = wrapper.application; includeInIndex = 0; path = VKPhotoFriends.app; sourceTree = BUILT_PRODUCTS_DIR; };
		6DFBA7A3208FB4F600E94BC8 /* AppDelegate.swift */ = {isa = PBXFileReference; lastKnownFileType = sourcecode.swift; path = AppDelegate.swift; sourceTree = "<group>"; };
		6DFBA7A8208FB4F600E94BC8 /* Base */ = {isa = PBXFileReference; lastKnownFileType = file.storyboard; name = Base; path = Base.lproj/Main.storyboard; sourceTree = "<group>"; };
		6DFBA7AB208FB4F600E94BC8 /* VKPhotoFriends.xcdatamodel */ = {isa = PBXFileReference; lastKnownFileType = wrapper.xcdatamodel; path = VKPhotoFriends.xcdatamodel; sourceTree = "<group>"; };
		6DFBA7AD208FB4F600E94BC8 /* Assets.xcassets */ = {isa = PBXFileReference; lastKnownFileType = folder.assetcatalog; path = Assets.xcassets; sourceTree = "<group>"; };
		6DFBA7B0208FB4F600E94BC8 /* Base */ = {isa = PBXFileReference; lastKnownFileType = file.storyboard; name = Base; path = Base.lproj/LaunchScreen.storyboard; sourceTree = "<group>"; };
		6DFBA7B2208FB4F600E94BC8 /* Info.plist */ = {isa = PBXFileReference; lastKnownFileType = text.plist.xml; path = Info.plist; sourceTree = "<group>"; };
		6DFBA7BC208FC30800E94BC8 /* LoginViewController.swift */ = {isa = PBXFileReference; lastKnownFileType = sourcecode.swift; path = LoginViewController.swift; sourceTree = "<group>"; };
		6DFBA7BE208FEDBD00E94BC8 /* VKPhotosTableViewController.swift */ = {isa = PBXFileReference; lastKnownFileType = sourcecode.swift; path = VKPhotosTableViewController.swift; sourceTree = "<group>"; };
		6DFBA7C0208FF4DC00E94BC8 /* VKPhotoCell.swift */ = {isa = PBXFileReference; lastKnownFileType = sourcecode.swift; path = VKPhotoCell.swift; sourceTree = "<group>"; };
		BB1373FE0E8CB2A5C9DEB999 /* Pods-VKPhotoFriends.debug.xcconfig */ = {isa = PBXFileReference; includeInIndex = 1; lastKnownFileType = text.xcconfig; name = "Pods-VKPhotoFriends.debug.xcconfig"; path = "Pods/Target Support Files/Pods-VKPhotoFriends/Pods-VKPhotoFriends.debug.xcconfig"; sourceTree = "<group>"; };
		E284CE33490EC1ADCABD0EF4 /* Pods_VKPhotoFriends.framework */ = {isa = PBXFileReference; explicitFileType = wrapper.framework; includeInIndex = 0; path = Pods_VKPhotoFriends.framework; sourceTree = BUILT_PRODUCTS_DIR; };
/* End PBXFileReference section */

/* Begin PBXFrameworksBuildPhase section */
		6DFBA79D208FB4F600E94BC8 /* Frameworks */ = {
			isa = PBXFrameworksBuildPhase;
			buildActionMask = 2147483647;
			files = (
				82F1DAEDACB6C0FAEA14138B /* Pods_VKPhotoFriends.framework in Frameworks */,
			);
			runOnlyForDeploymentPostprocessing = 0;
		};
/* End PBXFrameworksBuildPhase section */

/* Begin PBXGroup section */
		6DFBA797208FB4F600E94BC8 = {
			isa = PBXGroup;
			children = (
				6DFBA7A2208FB4F600E94BC8 /* VKPhotoFriends */,
				6DFBA7A1208FB4F600E94BC8 /* Products */,
				8E98D85EA15376648B4D6A78 /* Pods */,
				F3C58D2259D4A307E6330B7A /* Frameworks */,
			);
			sourceTree = "<group>";
		};
		6DFBA7A1208FB4F600E94BC8 /* Products */ = {
			isa = PBXGroup;
			children = (
				6DFBA7A0208FB4F600E94BC8 /* VKPhotoFriends.app */,
			);
			name = Products;
			sourceTree = "<group>";
		};
		6DFBA7A2208FB4F600E94BC8 /* VKPhotoFriends */ = {
			isa = PBXGroup;
			children = (
				6DFBA7BB208FC2CF00E94BC8 /* View Controllers */,
				6DFBA7B9208FC2B500E94BC8 /* support files */,
				6DFBA7A3208FB4F600E94BC8 /* AppDelegate.swift */,
				6DFBA7B2208FB4F600E94BC8 /* Info.plist */,
				6DFBA7AA208FB4F600E94BC8 /* VKPhotoFriends.xcdatamodeld */,
			);
			path = VKPhotoFriends;
			sourceTree = "<group>";
		};
		6DFBA7B9208FC2B500E94BC8 /* support files */ = {
			isa = PBXGroup;
			children = (
				6DFBA7A7208FB4F600E94BC8 /* Main.storyboard */,
				6DFBA7AD208FB4F600E94BC8 /* Assets.xcassets */,
				6DFBA7AF208FB4F600E94BC8 /* LaunchScreen.storyboard */,
			);
			path = "support files";
			sourceTree = "<group>";
		};
		6DFBA7BB208FC2CF00E94BC8 /* View Controllers */ = {
			isa = PBXGroup;
			children = (
				6DFBA7BC208FC30800E94BC8 /* LoginViewController.swift */,
				6DFBA7BE208FEDBD00E94BC8 /* VKPhotosTableViewController.swift */,
				6DFBA7C0208FF4DC00E94BC8 /* VKPhotoCell.swift */,
			);
			path = "View Controllers";
			sourceTree = "<group>";
		};
		8E98D85EA15376648B4D6A78 /* Pods */ = {
			isa = PBXGroup;
			children = (
				BB1373FE0E8CB2A5C9DEB999 /* Pods-VKPhotoFriends.debug.xcconfig */,
				5597244C91885B8FA2DC8624 /* Pods-VKPhotoFriends.release.xcconfig */,
			);
			name = Pods;
			sourceTree = "<group>";
		};
		F3C58D2259D4A307E6330B7A /* Frameworks */ = {
			isa = PBXGroup;
			children = (
				E284CE33490EC1ADCABD0EF4 /* Pods_VKPhotoFriends.framework */,
			);
			name = Frameworks;
			sourceTree = "<group>";
		};
/* End PBXGroup section */

/* Begin PBXNativeTarget section */
		6DFBA79F208FB4F600E94BC8 /* VKPhotoFriends */ = {
			isa = PBXNativeTarget;
			buildConfigurationList = 6DFBA7B5208FB4F600E94BC8 /* Build configuration list for PBXNativeTarget "VKPhotoFriends" */;
			buildPhases = (
				71DE72C425FCA3BC2BAC8391 /* [CP] Check Pods Manifest.lock */,
				6DFBA79C208FB4F600E94BC8 /* Sources */,
				6DFBA79D208FB4F600E94BC8 /* Frameworks */,
				6DFBA79E208FB4F600E94BC8 /* Resources */,
				144063C6A5D9878E762A6163 /* [CP] Embed Pods Frameworks */,
				CF6E23847F9F72AC6DBB253E /* [CP] Copy Pods Resources */,
			);
			buildRules = (
			);
			dependencies = (
			);
			name = VKPhotoFriends;
			productName = VKPhotoFriends;
			productReference = 6DFBA7A0208FB4F600E94BC8 /* VKPhotoFriends.app */;
			productType = "com.apple.product-type.application";
		};
/* End PBXNativeTarget section */

/* Begin PBXProject section */
		6DFBA798208FB4F600E94BC8 /* Project object */ = {
			isa = PBXProject;
			attributes = {
				LastSwiftUpdateCheck = 0920;
				LastUpgradeCheck = 0920;
				ORGANIZATIONNAME = "Igor Grankin";
				TargetAttributes = {
					6DFBA79F208FB4F600E94BC8 = {
						CreatedOnToolsVersion = 9.2;
						ProvisioningStyle = Automatic;
					};
				};
			};
			buildConfigurationList = 6DFBA79B208FB4F600E94BC8 /* Build configuration list for PBXProject "VKPhotoFriends" */;
			compatibilityVersion = "Xcode 8.0";
			developmentRegion = en;
			hasScannedForEncodings = 0;
			knownRegions = (
				en,
				Base,
			);
			mainGroup = 6DFBA797208FB4F600E94BC8;
			productRefGroup = 6DFBA7A1208FB4F600E94BC8 /* Products */;
			projectDirPath = "";
			projectRoot = "";
			targets = (
				6DFBA79F208FB4F600E94BC8 /* VKPhotoFriends */,
			);
		};
/* End PBXProject section */

/* Begin PBXResourcesBuildPhase section */
		6DFBA79E208FB4F600E94BC8 /* Resources */ = {
			isa = PBXResourcesBuildPhase;
			buildActionMask = 2147483647;
			files = (
				6DFBA7B1208FB4F600E94BC8 /* LaunchScreen.storyboard in Resources */,
				6DFBA7AE208FB4F600E94BC8 /* Assets.xcassets in Resources */,
				6DFBA7A9208FB4F600E94BC8 /* Main.storyboard in Resources */,
			);
			runOnlyForDeploymentPostprocessing = 0;
		};
/* End PBXResourcesBuildPhase section */

/* Begin PBXShellScriptBuildPhase section */
		144063C6A5D9878E762A6163 /* [CP] Embed Pods Frameworks */ = {
			isa = PBXShellScriptBuildPhase;
			buildActionMask = 2147483647;
			files = (
			);
			inputPaths = (
				"${SRCROOT}/Pods/Target Support Files/Pods-VKPhotoFriends/Pods-VKPhotoFriends-frameworks.sh",
				"${BUILT_PRODUCTS_DIR}/MBProgressHUD/MBProgressHUD.framework",
				"${BUILT_PRODUCTS_DIR}/SDWebImage/SDWebImage.framework",
				"${BUILT_PRODUCTS_DIR}/SwiftyJSON/SwiftyJSON.framework",
				"${BUILT_PRODUCTS_DIR}/VK-ios-sdk/VK_ios_sdk.framework",
			);
			name = "[CP] Embed Pods Frameworks";
			outputPaths = (
				"${TARGET_BUILD_DIR}/${FRAMEWORKS_FOLDER_PATH}/MBProgressHUD.framework",
				"${TARGET_BUILD_DIR}/${FRAMEWORKS_FOLDER_PATH}/SDWebImage.framework",
				"${TARGET_BUILD_DIR}/${FRAMEWORKS_FOLDER_PATH}/SwiftyJSON.framework",
				"${TARGET_BUILD_DIR}/${FRAMEWORKS_FOLDER_PATH}/VK_ios_sdk.framework",
			);
			runOnlyForDeploymentPostprocessing = 0;
			shellPath = /bin/sh;
			shellScript = "\"${SRCROOT}/Pods/Target Support Files/Pods-VKPhotoFriends/Pods-VKPhotoFriends-frameworks.sh\"\n";
			showEnvVarsInLog = 0;
		};
		71DE72C425FCA3BC2BAC8391 /* [CP] Check Pods Manifest.lock */ = {
			isa = PBXShellScriptBuildPhase;
			buildActionMask = 2147483647;
			files = (
			);
			inputPaths = (
				"${PODS_PODFILE_DIR_PATH}/Podfile.lock",
				"${PODS_ROOT}/Manifest.lock",
			);
			name = "[CP] Check Pods Manifest.lock";
			outputPaths = (
				"$(DERIVED_FILE_DIR)/Pods-VKPhotoFriends-checkManifestLockResult.txt",
			);
			runOnlyForDeploymentPostprocessing = 0;
			shellPath = /bin/sh;
			shellScript = "diff \"${PODS_PODFILE_DIR_PATH}/Podfile.lock\" \"${PODS_ROOT}/Manifest.lock\" > /dev/null\nif [ $? != 0 ] ; then\n    # print error to STDERR\n    echo \"error: The sandbox is not in sync with the Podfile.lock. Run 'pod install' or update your CocoaPods installation.\" >&2\n    exit 1\nfi\n# This output is used by Xcode 'outputs' to avoid re-running this script phase.\necho \"SUCCESS\" > \"${SCRIPT_OUTPUT_FILE_0}\"\n";
			showEnvVarsInLog = 0;
		};
		CF6E23847F9F72AC6DBB253E /* [CP] Copy Pods Resources */ = {
			isa = PBXShellScriptBuildPhase;
			buildActionMask = 2147483647;
			files = (
			);
			inputPaths = (
			);
			name = "[CP] Copy Pods Resources";
			outputPaths = (
			);
			runOnlyForDeploymentPostprocessing = 0;
			shellPath = /bin/sh;
			shellScript = "\"${SRCROOT}/Pods/Target Support Files/Pods-VKPhotoFriends/Pods-VKPhotoFriends-resources.sh\"\n";
			showEnvVarsInLog = 0;
		};
/* End PBXShellScriptBuildPhase section */

/* Begin PBXSourcesBuildPhase section */
		6DFBA79C208FB4F600E94BC8 /* Sources */ = {
			isa = PBXSourcesBuildPhase;
			buildActionMask = 2147483647;
			files = (
				6DFBA7BD208FC30800E94BC8 /* LoginViewController.swift in Sources */,
				6DFBA7C1208FF4DC00E94BC8 /* VKPhotoCell.swift in Sources */,
				6DFBA7A4208FB4F600E94BC8 /* AppDelegate.swift in Sources */,
				6DFBA7AC208FB4F600E94BC8 /* VKPhotoFriends.xcdatamodeld in Sources */,
				6DFBA7BF208FEDBD00E94BC8 /* VKPhotosTableViewController.swift in Sources */,
			);
			runOnlyForDeploymentPostprocessing = 0;
		};
/* End PBXSourcesBuildPhase section */

/* Begin PBXVariantGroup section */
		6DFBA7A7208FB4F600E94BC8 /* Main.storyboard */ = {
			isa = PBXVariantGroup;
			children = (
				6DFBA7A8208FB4F600E94BC8 /* Base */,
			);
			name = Main.storyboard;
			sourceTree = "<group>";
		};
		6DFBA7AF208FB4F600E94BC8 /* LaunchScreen.storyboard */ = {
			isa = PBXVariantGroup;
			children = (
				6DFBA7B0208FB4F600E94BC8 /* Base */,
			);
			name = LaunchScreen.storyboard;
			sourceTree = "<group>";
		};
/* End PBXVariantGroup section */

/* Begin XCBuildConfiguration section */
		6DFBA7B3208FB4F600E94BC8 /* Debug */ = {
			isa = XCBuildConfiguration;
			buildSettings = {
				ALWAYS_SEARCH_USER_PATHS = NO;
				CLANG_ANALYZER_NONNULL = YES;
				CLANG_ANALYZER_NUMBER_OBJECT_CONVERSION = YES_AGGRESSIVE;
				CLANG_CXX_LANGUAGE_STANDARD = "gnu++14";
				CLANG_CXX_LIBRARY = "libc++";
				CLANG_ENABLE_MODULES = YES;
				CLANG_ENABLE_OBJC_ARC = YES;
				CLANG_WARN_BLOCK_CAPTURE_AUTORELEASING = YES;
				CLANG_WARN_BOOL_CONVERSION = YES;
				CLANG_WARN_COMMA = YES;
				CLANG_WARN_CONSTANT_CONVERSION = YES;
				CLANG_WARN_DIRECT_OBJC_ISA_USAGE = YES_ERROR;
				CLANG_WARN_DOCUMENTATION_COMMENTS = YES;
				CLANG_WARN_EMPTY_BODY = YES;
				CLANG_WARN_ENUM_CONVERSION = YES;
				CLANG_WARN_INFINITE_RECURSION = YES;
				CLANG_WARN_INT_CONVERSION = YES;
				CLANG_WARN_NON_LITERAL_NULL_CONVERSION = YES;
				CLANG_WARN_OBJC_LITERAL_CONVERSION = YES;
				CLANG_WARN_OBJC_ROOT_CLASS = YES_ERROR;
				CLANG_WARN_RANGE_LOOP_ANALYSIS = YES;
				CLANG_WARN_STRICT_PROTOTYPES = YES;
				CLANG_WARN_SUSPICIOUS_MOVE = YES;
				CLANG_WARN_UNGUARDED_AVAILABILITY = YES_AGGRESSIVE;
				CLANG_WARN_UNREACHABLE_CODE = YES;
				CLANG_WARN__DUPLICATE_METHOD_MATCH = YES;
				CODE_SIGN_IDENTITY = "iPhone Developer";
				COPY_PHASE_STRIP = NO;
				DEBUG_INFORMATION_FORMAT = dwarf;
				ENABLE_STRICT_OBJC_MSGSEND = YES;
				ENABLE_TESTABILITY = YES;
				GCC_C_LANGUAGE_STANDARD = gnu11;
				GCC_DYNAMIC_NO_PIC = NO;
				GCC_NO_COMMON_BLOCKS = YES;
				GCC_OPTIMIZATION_LEVEL = 0;
				GCC_PREPROCESSOR_DEFINITIONS = (
					"DEBUG=1",
					"$(inherited)",
				);
				GCC_WARN_64_TO_32_BIT_CONVERSION = YES;
				GCC_WARN_ABOUT_RETURN_TYPE = YES_ERROR;
				GCC_WARN_UNDECLARED_SELECTOR = YES;
				GCC_WARN_UNINITIALIZED_AUTOS = YES_AGGRESSIVE;
				GCC_WARN_UNUSED_FUNCTION = YES;
				GCC_WARN_UNUSED_VARIABLE = YES;
				IPHONEOS_DEPLOYMENT_TARGET = 11.2;
				MTL_ENABLE_DEBUG_INFO = YES;
				ONLY_ACTIVE_ARCH = YES;
				SDKROOT = iphoneos;
				SWIFT_ACTIVE_COMPILATION_CONDITIONS = DEBUG;
				SWIFT_OPTIMIZATION_LEVEL = "-Onone";
			};
			name = Debug;
		};
		6DFBA7B4208FB4F600E94BC8 /* Release */ = {
			isa = XCBuildConfiguration;
			buildSettings = {
				ALWAYS_SEARCH_USER_PATHS = NO;
				CLANG_ANALYZER_NONNULL = YES;
				CLANG_ANALYZER_NUMBER_OBJECT_CONVERSION = YES_AGGRESSIVE;
				CLANG_CXX_LANGUAGE_STANDARD = "gnu++14";
				CLANG_CXX_LIBRARY = "libc++";
				CLANG_ENABLE_MODULES = YES;
				CLANG_ENABLE_OBJC_ARC = YES;
				CLANG_WARN_BLOCK_CAPTURE_AUTORELEASING = YES;
				CLANG_WARN_BOOL_CONVERSION = YES;
				CLANG_WARN_COMMA = YES;
				CLANG_WARN_CONSTANT_CONVERSION = YES;
				CLANG_WARN_DIRECT_OBJC_ISA_USAGE = YES_ERROR;
				CLANG_WARN_DOCUMENTATION_COMMENTS = YES;
				CLANG_WARN_EMPTY_BODY = YES;
				CLANG_WARN_ENUM_CONVERSION = YES;
				CLANG_WARN_INFINITE_RECURSION = YES;
				CLANG_WARN_INT_CONVERSION = YES;
				CLANG_WARN_NON_LITERAL_NULL_CONVERSION = YES;
				CLANG_WARN_OBJC_LITERAL_CONVERSION = YES;
				CLANG_WARN_OBJC_ROOT_CLASS = YES_ERROR;
				CLANG_WARN_RANGE_LOOP_ANALYSIS = YES;
				CLANG_WARN_STRICT_PROTOTYPES = YES;
				CLANG_WARN_SUSPICIOUS_MOVE = YES;
				CLANG_WARN_UNGUARDED_AVAILABILITY = YES_AGGRESSIVE;
				CLANG_WARN_UNREACHABLE_CODE = YES;
				CLANG_WARN__DUPLICATE_METHOD_MATCH = YES;
				CODE_SIGN_IDENTITY = "iPhone Developer";
				COPY_PHASE_STRIP = NO;
				DEBUG_INFORMATION_FORMAT = "dwarf-with-dsym";
				ENABLE_NS_ASSERTIONS = NO;
				ENABLE_STRICT_OBJC_MSGSEND = YES;
				GCC_C_LANGUAGE_STANDARD = gnu11;
				GCC_NO_COMMON_BLOCKS = YES;
				GCC_WARN_64_TO_32_BIT_CONVERSION = YES;
				GCC_WARN_ABOUT_RETURN_TYPE = YES_ERROR;
				GCC_WARN_UNDECLARED_SELECTOR = YES;
				GCC_WARN_UNINITIALIZED_AUTOS = YES_AGGRESSIVE;
				GCC_WARN_UNUSED_FUNCTION = YES;
				GCC_WARN_UNUSED_VARIABLE = YES;
				IPHONEOS_DEPLOYMENT_TARGET = 11.2;
				MTL_ENABLE_DEBUG_INFO = NO;
				SDKROOT = iphoneos;
				SWIFT_OPTIMIZATION_LEVEL = "-Owholemodule";
				VALIDATE_PRODUCT = YES;
			};
			name = Release;
		};
		6DFBA7B6208FB4F600E94BC8 /* Debug */ = {
			isa = XCBuildConfiguration;
			baseConfigurationReference = BB1373FE0E8CB2A5C9DEB999 /* Pods-VKPhotoFriends.debug.xcconfig */;
			buildSettings = {
				ASSETCATALOG_COMPILER_APPICON_NAME = AppIcon;
				CODE_SIGN_STYLE = Automatic;
				DEVELOPMENT_TEAM = VK395NXJ86;
				INFOPLIST_FILE = VKPhotoFriends/Info.plist;
				LD_RUNPATH_SEARCH_PATHS = "$(inherited) @executable_path/Frameworks";
				PRODUCT_BUNDLE_IDENTIFIER = com.igorgrankin.VKPhotoFriends;
				PRODUCT_NAME = "$(TARGET_NAME)";
				SWIFT_VERSION = 4.0;
				TARGETED_DEVICE_FAMILY = "1,2";
			};
			name = Debug;
		};
		6DFBA7B7208FB4F600E94BC8 /* Release */ = {
			isa = XCBuildConfiguration;
			baseConfigurationReference = 5597244C91885B8FA2DC8624 /* Pods-VKPhotoFriends.release.xcconfig */;
			buildSettings = {
				ASSETCATALOG_COMPILER_APPICON_NAME = AppIcon;
				CODE_SIGN_STYLE = Automatic;
				DEVELOPMENT_TEAM = VK395NXJ86;
				INFOPLIST_FILE = VKPhotoFriends/Info.plist;
				LD_RUNPATH_SEARCH_PATHS = "$(inherited) @executable_path/Frameworks";
				PRODUCT_BUNDLE_IDENTIFIER = com.igorgrankin.VKPhotoFriends;
				PRODUCT_NAME = "$(TARGET_NAME)";
				SWIFT_VERSION = 4.0;
				TARGETED_DEVICE_FAMILY = "1,2";
			};
			name = Release;
		};
/* End XCBuildConfiguration section */

/* Begin XCConfigurationList section */
		6DFBA79B208FB4F600E94BC8 /* Build configuration list for PBXProject "VKPhotoFriends" */ = {
			isa = XCConfigurationList;
			buildConfigurations = (
				6DFBA7B3208FB4F600E94BC8 /* Debug */,
				6DFBA7B4208FB4F600E94BC8 /* Release */,
			);
			defaultConfigurationIsVisible = 0;
			defaultConfigurationName = Release;
		};
		6DFBA7B5208FB4F600E94BC8 /* Build configuration list for PBXNativeTarget "VKPhotoFriends" */ = {
			isa = XCConfigurationList;
			buildConfigurations = (
				6DFBA7B6208FB4F600E94BC8 /* Debug */,
				6DFBA7B7208FB4F600E94BC8 /* Release */,
			);
			defaultConfigurationIsVisible = 0;
			defaultConfigurationName = Release;
		};
/* End XCConfigurationList section */

/* Begin XCVersionGroup section */
		6DFBA7AA208FB4F600E94BC8 /* VKPhotoFriends.xcdatamodeld */ = {
			isa = XCVersionGroup;
			children = (
				6DFBA7AB208FB4F600E94BC8 /* VKPhotoFriends.xcdatamodel */,
			);
			currentVersion = 6DFBA7AB208FB4F600E94BC8 /* VKPhotoFriends.xcdatamodel */;
			path = VKPhotoFriends.xcdatamodeld;
			sourceTree = "<group>";
			versionGroupType = wrapper.xcdatamodel;
		};
/* End XCVersionGroup section */
	};
	rootObject = 6DFBA798208FB4F600E94BC8 /* Project object */;
}
